{
  "name": "frncsdrk.github.io",
  "version": "1.1.0",
  "lockfileVersion": 1,
  "requires": true,
  "dependencies": {
    "spectre.css": {
      "version": "0.5.5",
      "resolved": "https://registry.npmjs.org/spectre.css/-/spectre.css-0.5.5.tgz",
      "integrity": "sha512-62SKO809g5CN0N0V8AlkmT9q7FHjRlFdC9jAAAVGIs+Md5Fhodut8I46hv+uCeMy5B+KGy1Hadmf7W7xe3MKIA=="
    }
  }
}
