{
  "name": "frncsdrk.github.io",
  "version": "1.0.0",
  "lockfileVersion": 1,
  "requires": true,
  "dependencies": {
    "spectre.css": {
      "version": "0.2.15",
      "resolved": "http://npm.addefend.com/spectre.css/-/spectre.css-0.2.15.tgz",
      "integrity": "sha512-V7m9o/Vbj0qRq2T+QUpNYqEcvp/VlbxCKo9EYmnDMq9V0x6Y3+SWOvSeH0+Dfs7LoXhPXOLvy42PBLW9Tn2QbQ=="
    }
  }
}
